
Microsoft Visual Studio Solution File, Format Version 12.00
# Visual Studio Version 17
VisualStudioVersion = 17.0.32014.148
MinimumVisualStudioVersion = 10.0.40219.1
Project("{FAE04EC0-301F-11D3-BF4B-00C04F79EFBC}") = "MusicPracticeMonitor", "MusicPracticeMonitor\MusicPracticeMonitor.csproj", "{8ECD5304-FD97-4449-929D-13FBB11E0295}"
EndProject
Global
	GlobalSection(SolutionConfigurationPlatforms) = preSolution
		Debug|Any CPU = Debug|Any CPU
		Release|Any CPU = Release|Any CPU
	EndGlobalSection
	GlobalSection(ProjectConfigurationPlatforms) = postSolution
		{8ECD5304-FD97-4449-929D-13FBB11E0295}.Debug|Any CPU.ActiveCfg = Debug|Any CPU
		{8ECD5304-FD97-4449-929D-13FBB11E0295}.Debug|Any CPU.Build.0 = Debug|Any CPU
		{8ECD5304-FD97-4449-929D-13FBB11E0295}.Release|Any CPU.ActiveCfg = Release|Any CPU
		{8ECD5304-FD97-4449-929D-13FBB11E0295}.Release|Any CPU.Build.0 = Release|Any CPU
	EndGlobalSection
	GlobalSection(SolutionProperties) = preSolution
		HideSolutionNode = FALSE
	EndGlobalSection
	GlobalSection(ExtensibilityGlobals) = postSolution
		SolutionGuid = {9EC77397-4FB7-48F6-A847-788FF19B2E80}
	EndGlobalSection
EndGlobal
